// !$*UTF8*$!
{
	archiveVersion = 1;
	classes = {
	};
	objectVersion = 50;
	objects = {

/* Begin PBXBuildFile section */
		AB03973A2769AF51006DCFD8 /* AppDelegate.swift in Sources */ = {isa = PBXBuildFile; fileRef = AB0397392769AF51006DCFD8 /* AppDelegate.swift */; };
		AB03973C2769AF51006DCFD8 /* SceneDelegate.swift in Sources */ = {isa = PBXBuildFile; fileRef = AB03973B2769AF51006DCFD8 /* SceneDelegate.swift */; };
		AB03973E2769AF51006DCFD8 /* ViewController.swift in Sources */ = {isa = PBXBuildFile; fileRef = AB03973D2769AF51006DCFD8 /* ViewController.swift */; };
		AB0397412769AF51006DCFD8 /* Main.storyboard in Resources */ = {isa = PBXBuildFile; fileRef = AB03973F2769AF51006DCFD8 /* Main.storyboard */; };
		AB0397432769AF52006DCFD8 /* Assets.xcassets in Resources */ = {isa = PBXBuildFile; fileRef = AB0397422769AF52006DCFD8 /* Assets.xcassets */; };
		AB0397462769AF52006DCFD8 /* LaunchScreen.storyboard in Resources */ = {isa = PBXBuildFile; fileRef = AB0397442769AF52006DCFD8 /* LaunchScreen.storyboard */; };
		AB03974E2769AF70006DCFD8 /* TwoSum.swift in Sources */ = {isa = PBXBuildFile; fileRef = AB03974D2769AF70006DCFD8 /* TwoSum.swift */; };
		ABFB0FD7276BCAC6004D648E /* BViewController.swift in Sources */ = {isa = PBXBuildFile; fileRef = ABFB0FD5276BCAC6004D648E /* BViewController.swift */; };
		ABFB0FD8276BCAC6004D648E /* BViewController.xib in Resources */ = {isa = PBXBuildFile; fileRef = ABFB0FD6276BCAC6004D648E /* BViewController.xib */; };
		ABFB0FDA276BD4E5004D648E /* CustomNotificationCenter.swift in Sources */ = {isa = PBXBuildFile; fileRef = ABFB0FD9276BD4E5004D648E /* CustomNotificationCenter.swift */; };
/* End PBXBuildFile section */

/* Begin PBXFileReference section */
		AB0397362769AF51006DCFD8 /* SwiftAlgorithms.app */ = {isa = PBXFileReference; explicitFileType = wrapper.application; includeInIndex = 0; path = SwiftAlgorithms.app; sourceTree = BUILT_PRODUCTS_DIR; };
		AB0397392769AF51006DCFD8 /* AppDelegate.swift */ = {isa = PBXFileReference; lastKnownFileType = sourcecode.swift; path = AppDelegate.swift; sourceTree = "<group>"; };
		AB03973B2769AF51006DCFD8 /* SceneDelegate.swift */ = {isa = PBXFileReference; lastKnownFileType = sourcecode.swift; path = SceneDelegate.swift; sourceTree = "<group>"; };
		AB03973D2769AF51006DCFD8 /* ViewController.swift */ = {isa = PBXFileReference; lastKnownFileType = sourcecode.swift; path = ViewController.swift; sourceTree = "<group>"; };
		AB0397402769AF51006DCFD8 /* Base */ = {isa = PBXFileReference; lastKnownFileType = file.storyboard; name = Base; path = Base.lproj/Main.storyboard; sourceTree = "<group>"; };
		AB0397422769AF52006DCFD8 /* Assets.xcassets */ = {isa = PBXFileReference; lastKnownFileType = folder.assetcatalog; path = Assets.xcassets; sourceTree = "<group>"; };
		AB0397452769AF52006DCFD8 /* Base */ = {isa = PBXFileReference; lastKnownFileType = file.storyboard; name = Base; path = Base.lproj/LaunchScreen.storyboard; sourceTree = "<group>"; };
		AB0397472769AF52006DCFD8 /* Info.plist */ = {isa = PBXFileReference; lastKnownFileType = text.plist.xml; path = Info.plist; sourceTree = "<group>"; };
		AB03974D2769AF70006DCFD8 /* TwoSum.swift */ = {isa = PBXFileReference; lastKnownFileType = sourcecode.swift; path = TwoSum.swift; sourceTree = "<group>"; };
		AB0397532769B7B8006DCFD8 /* DoublyLinkedList.playground */ = {isa = PBXFileReference; lastKnownFileType = file.playground; path = DoublyLinkedList.playground; sourceTree = "<group>"; xcLanguageSpecificationIdentifier = xcode.lang.swift; };
		ABFB0FD4276BBDE2004D648E /* CustomHigherOrderFunctions.playground */ = {isa = PBXFileReference; lastKnownFileType = file.playground; path = CustomHigherOrderFunctions.playground; sourceTree = "<group>"; xcLanguageSpecificationIdentifier = xcode.lang.swift; };
		ABFB0FD5276BCAC6004D648E /* BViewController.swift */ = {isa = PBXFileReference; lastKnownFileType = sourcecode.swift; path = BViewController.swift; sourceTree = "<group>"; };
		ABFB0FD6276BCAC6004D648E /* BViewController.xib */ = {isa = PBXFileReference; lastKnownFileType = file.xib; path = BViewController.xib; sourceTree = "<group>"; };
		ABFB0FD9276BD4E5004D648E /* CustomNotificationCenter.swift */ = {isa = PBXFileReference; lastKnownFileType = sourcecode.swift; path = CustomNotificationCenter.swift; sourceTree = "<group>"; };
/* End PBXFileReference section */

/* Begin PBXFrameworksBuildPhase section */
		AB0397332769AF51006DCFD8 /* Frameworks */ = {
			isa = PBXFrameworksBuildPhase;
			buildActionMask = 2147483647;
			files = (
			);
			runOnlyForDeploymentPostprocessing = 0;
		};
/* End PBXFrameworksBuildPhase section */

/* Begin PBXGroup section */
		AB03972D2769AF51006DCFD8 = {
			isa = PBXGroup;
			children = (
				AB0397382769AF51006DCFD8 /* SwiftAlgorithms */,
				AB0397372769AF51006DCFD8 /* Products */,
			);
			sourceTree = "<group>";
		};
		AB0397372769AF51006DCFD8 /* Products */ = {
			isa = PBXGroup;
			children = (
				AB0397362769AF51006DCFD8 /* SwiftAlgorithms.app */,
			);
			name = Products;
			sourceTree = "<group>";
		};
		AB0397382769AF51006DCFD8 /* SwiftAlgorithms */ = {
			isa = PBXGroup;
			children = (
				AB0397392769AF51006DCFD8 /* AppDelegate.swift */,
				AB03973B2769AF51006DCFD8 /* SceneDelegate.swift */,
				AB03973D2769AF51006DCFD8 /* ViewController.swift */,
				AB03973F2769AF51006DCFD8 /* Main.storyboard */,
				AB0397422769AF52006DCFD8 /* Assets.xcassets */,
				AB0397442769AF52006DCFD8 /* LaunchScreen.storyboard */,
				AB0397472769AF52006DCFD8 /* Info.plist */,
				AB03974D2769AF70006DCFD8 /* TwoSum.swift */,
				AB0397532769B7B8006DCFD8 /* DoublyLinkedList.playground */,
				ABFB0FD4276BBDE2004D648E /* CustomHigherOrderFunctions.playground */,
				ABFB0FD5276BCAC6004D648E /* BViewController.swift */,
				ABFB0FD6276BCAC6004D648E /* BViewController.xib */,
				ABFB0FD9276BD4E5004D648E /* CustomNotificationCenter.swift */,
			);
			path = SwiftAlgorithms;
			sourceTree = "<group>";
		};
/* End PBXGroup section */

/* Begin PBXNativeTarget section */
		AB0397352769AF51006DCFD8 /* SwiftAlgorithms */ = {
			isa = PBXNativeTarget;
			buildConfigurationList = AB03974A2769AF52006DCFD8 /* Build configuration list for PBXNativeTarget "SwiftAlgorithms" */;
			buildPhases = (
				AB0397322769AF51006DCFD8 /* Sources */,
				AB0397332769AF51006DCFD8 /* Frameworks */,
				AB0397342769AF51006DCFD8 /* Resources */,
			);
			buildRules = (
			);
			dependencies = (
			);
			name = SwiftAlgorithms;
			productName = SwiftAlgorithms;
			productReference = AB0397362769AF51006DCFD8 /* SwiftAlgorithms.app */;
			productType = "com.apple.product-type.application";
		};
/* End PBXNativeTarget section */

/* Begin PBXProject section */
		AB03972E2769AF51006DCFD8 /* Project object */ = {
			isa = PBXProject;
			attributes = {
				LastSwiftUpdateCheck = 1250;
				LastUpgradeCheck = 1250;
				TargetAttributes = {
					AB0397352769AF51006DCFD8 = {
						CreatedOnToolsVersion = 12.5.1;
					};
				};
			};
			buildConfigurationList = AB0397312769AF51006DCFD8 /* Build configuration list for PBXProject "SwiftAlgorithms" */;
			compatibilityVersion = "Xcode 9.3";
			developmentRegion = en;
			hasScannedForEncodings = 0;
			knownRegions = (
				en,
				Base,
			);
			mainGroup = AB03972D2769AF51006DCFD8;
			productRefGroup = AB0397372769AF51006DCFD8 /* Products */;
			projectDirPath = "";
			projectRoot = "";
			targets = (
				AB0397352769AF51006DCFD8 /* SwiftAlgorithms */,
			);
		};
/* End PBXProject section */

/* Begin PBXResourcesBuildPhase section */
		AB0397342769AF51006DCFD8 /* Resources */ = {
			isa = PBXResourcesBuildPhase;
			buildActionMask = 2147483647;
			files = (
				AB0397462769AF52006DCFD8 /* LaunchScreen.storyboard in Resources */,
				ABFB0FD8276BCAC6004D648E /* BViewController.xib in Resources */,
				AB0397432769AF52006DCFD8 /* Assets.xcassets in Resources */,
				AB0397412769AF51006DCFD8 /* Main.storyboard in Resources */,
			);
			runOnlyForDeploymentPostprocessing = 0;
		};
/* End PBXResourcesBuildPhase section */

/* Begin PBXSourcesBuildPhase section */
		AB0397322769AF51006DCFD8 /* Sources */ = {
			isa = PBXSourcesBuildPhase;
			buildActionMask = 2147483647;
			files = (
				AB03973E2769AF51006DCFD8 /* ViewController.swift in Sources */,
				AB03973A2769AF51006DCFD8 /* AppDelegate.swift in Sources */,
				AB03974E2769AF70006DCFD8 /* TwoSum.swift in Sources */,
				ABFB0FD7276BCAC6004D648E /* BViewController.swift in Sources */,
				ABFB0FDA276BD4E5004D648E /* CustomNotificationCenter.swift in Sources */,
				AB03973C2769AF51006DCFD8 /* SceneDelegate.swift in Sources */,
			);
			runOnlyForDeploymentPostprocessing = 0;
		};
/* End PBXSourcesBuildPhase section */

/* Begin PBXVariantGroup section */
		AB03973F2769AF51006DCFD8 /* Main.storyboard */ = {
			isa = PBXVariantGroup;
			children = (
				AB0397402769AF51006DCFD8 /* Base */,
			);
			name = Main.storyboard;
			sourceTree = "<group>";
		};
		AB0397442769AF52006DCFD8 /* LaunchScreen.storyboard */ = {
			isa = PBXVariantGroup;
			children = (
				AB0397452769AF52006DCFD8 /* Base */,
			);
			name = LaunchScreen.storyboard;
			sourceTree = "<group>";
		};
/* End PBXVariantGroup section */

/* Begin XCBuildConfiguration section */
		AB0397482769AF52006DCFD8 /* Debug */ = {
			isa = XCBuildConfiguration;
			buildSettings = {
				ALWAYS_SEARCH_USER_PATHS = NO;
				CLANG_ANALYZER_NONNULL = YES;
				CLANG_ANALYZER_NUMBER_OBJECT_CONVERSION = YES_AGGRESSIVE;
				CLANG_CXX_LANGUAGE_STANDARD = "gnu++14";
				CLANG_CXX_LIBRARY = "libc++";
				CLANG_ENABLE_MODULES = YES;
				CLANG_ENABLE_OBJC_ARC = YES;
				CLANG_ENABLE_OBJC_WEAK = YES;
				CLANG_WARN_BLOCK_CAPTURE_AUTORELEASING = YES;
				CLANG_WARN_BOOL_CONVERSION = YES;
				CLANG_WARN_COMMA = YES;
				CLANG_WARN_CONSTANT_CONVERSION = YES;
				CLANG_WARN_DEPRECATED_OBJC_IMPLEMENTATIONS = YES;
				CLANG_WARN_DIRECT_OBJC_ISA_USAGE = YES_ERROR;
				CLANG_WARN_DOCUMENTATION_COMMENTS = YES;
				CLANG_WARN_EMPTY_BODY = YES;
				CLANG_WARN_ENUM_CONVERSION = YES;
				CLANG_WARN_INFINITE_RECURSION = YES;
				CLANG_WARN_INT_CONVERSION = YES;
				CLANG_WARN_NON_LITERAL_NULL_CONVERSION = YES;
				CLANG_WARN_OBJC_IMPLICIT_RETAIN_SELF = YES;
				CLANG_WARN_OBJC_LITERAL_CONVERSION = YES;
				CLANG_WARN_OBJC_ROOT_CLASS = YES_ERROR;
				CLANG_WARN_QUOTED_INCLUDE_IN_FRAMEWORK_HEADER = YES;
				CLANG_WARN_RANGE_LOOP_ANALYSIS = YES;
				CLANG_WARN_STRICT_PROTOTYPES = YES;
				CLANG_WARN_SUSPICIOUS_MOVE = YES;
				CLANG_WARN_UNGUARDED_AVAILABILITY = YES_AGGRESSIVE;
				CLANG_WARN_UNREACHABLE_CODE = YES;
				CLANG_WARN__DUPLICATE_METHOD_MATCH = YES;
				COPY_PHASE_STRIP = NO;
				DEBUG_INFORMATION_FORMAT = dwarf;
				ENABLE_STRICT_OBJC_MSGSEND = YES;
				ENABLE_TESTABILITY = YES;
				GCC_C_LANGUAGE_STANDARD = gnu11;
				GCC_DYNAMIC_NO_PIC = NO;
				GCC_NO_COMMON_BLOCKS = YES;
				GCC_OPTIMIZATION_LEVEL = 0;
				GCC_PREPROCESSOR_DEFINITIONS = (
					"DEBUG=1",
					"$(inherited)",
				);
				GCC_WARN_64_TO_32_BIT_CONVERSION = YES;
				GCC_WARN_ABOUT_RETURN_TYPE = YES_ERROR;
				GCC_WARN_UNDECLARED_SELECTOR = YES;
				GCC_WARN_UNINITIALIZED_AUTOS = YES_AGGRESSIVE;
				GCC_WARN_UNUSED_FUNCTION = YES;
				GCC_WARN_UNUSED_VARIABLE = YES;
				IPHONEOS_DEPLOYMENT_TARGET = 14.5;
				MTL_ENABLE_DEBUG_INFO = INCLUDE_SOURCE;
				MTL_FAST_MATH = YES;
				ONLY_ACTIVE_ARCH = YES;
				SDKROOT = iphoneos;
				SWIFT_ACTIVE_COMPILATION_CONDITIONS = DEBUG;
				SWIFT_OPTIMIZATION_LEVEL = "-Onone";
			};
			name = Debug;
		};
		AB0397492769AF52006DCFD8 /* Release */ = {
			isa = XCBuildConfiguration;
			buildSettings = {
				ALWAYS_SEARCH_USER_PATHS = NO;
				CLANG_ANALYZER_NONNULL = YES;
				CLANG_ANALYZER_NUMBER_OBJECT_CONVERSION = YES_AGGRESSIVE;
				CLANG_CXX_LANGUAGE_STANDARD = "gnu++14";
				CLANG_CXX_LIBRARY = "libc++";
				CLANG_ENABLE_MODULES = YES;
				CLANG_ENABLE_OBJC_ARC = YES;
				CLANG_ENABLE_OBJC_WEAK = YES;
				CLANG_WARN_BLOCK_CAPTURE_AUTORELEASING = YES;
				CLANG_WARN_BOOL_CONVERSION = YES;
				CLANG_WARN_COMMA = YES;
				CLANG_WARN_CONSTANT_CONVERSION = YES;
				CLANG_WARN_DEPRECATED_OBJC_IMPLEMENTATIONS = YES;
				CLANG_WARN_DIRECT_OBJC_ISA_USAGE = YES_ERROR;
				CLANG_WARN_DOCUMENTATION_COMMENTS = YES;
				CLANG_WARN_EMPTY_BODY = YES;
				CLANG_WARN_ENUM_CONVERSION = YES;
				CLANG_WARN_INFINITE_RECURSION = YES;
				CLANG_WARN_INT_CONVERSION = YES;
				CLANG_WARN_NON_LITERAL_NULL_CONVERSION = YES;
				CLANG_WARN_OBJC_IMPLICIT_RETAIN_SELF = YES;
				CLANG_WARN_OBJC_LITERAL_CONVERSION = YES;
				CLANG_WARN_OBJC_ROOT_CLASS = YES_ERROR;
				CLANG_WARN_QUOTED_INCLUDE_IN_FRAMEWORK_HEADER = YES;
				CLANG_WARN_RANGE_LOOP_ANALYSIS = YES;
				CLANG_WARN_STRICT_PROTOTYPES = YES;
				CLANG_WARN_SUSPICIOUS_MOVE = YES;
				CLANG_WARN_UNGUARDED_AVAILABILITY = YES_AGGRESSIVE;
				CLANG_WARN_UNREACHABLE_CODE = YES;
				CLANG_WARN__DUPLICATE_METHOD_MATCH = YES;
				COPY_PHASE_STRIP = NO;
				DEBUG_INFORMATION_FORMAT = "dwarf-with-dsym";
				ENABLE_NS_ASSERTIONS = NO;
				ENABLE_STRICT_OBJC_MSGSEND = YES;
				GCC_C_LANGUAGE_STANDARD = gnu11;
				GCC_NO_COMMON_BLOCKS = YES;
				GCC_WARN_64_TO_32_BIT_CONVERSION = YES;
				GCC_WARN_ABOUT_RETURN_TYPE = YES_ERROR;
				GCC_WARN_UNDECLARED_SELECTOR = YES;
				GCC_WARN_UNINITIALIZED_AUTOS = YES_AGGRESSIVE;
				GCC_WARN_UNUSED_FUNCTION = YES;
				GCC_WARN_UNUSED_VARIABLE = YES;
				IPHONEOS_DEPLOYMENT_TARGET = 14.5;
				MTL_ENABLE_DEBUG_INFO = NO;
				MTL_FAST_MATH = YES;
				SDKROOT = iphoneos;
				SWIFT_COMPILATION_MODE = wholemodule;
				SWIFT_OPTIMIZATION_LEVEL = "-O";
				VALIDATE_PRODUCT = YES;
			};
			name = Release;
		};
		AB03974B2769AF52006DCFD8 /* Debug */ = {
			isa = XCBuildConfiguration;
			buildSettings = {
				ASSETCATALOG_COMPILER_APPICON_NAME = AppIcon;
				ASSETCATALOG_COMPILER_GLOBAL_ACCENT_COLOR_NAME = AccentColor;
				CODE_SIGN_STYLE = Automatic;
				INFOPLIST_FILE = SwiftAlgorithms/Info.plist;
				LD_RUNPATH_SEARCH_PATHS = (
					"$(inherited)",
					"@executable_path/Frameworks",
				);
				PRODUCT_BUNDLE_IDENTIFIER = shellygupta.com.SwiftAlgorithms;
				PRODUCT_NAME = "$(TARGET_NAME)";
				SWIFT_VERSION = 5.0;
				TARGETED_DEVICE_FAMILY = "1,2";
			};
			name = Debug;
		};
		AB03974C2769AF52006DCFD8 /* Release */ = {
			isa = XCBuildConfiguration;
			buildSettings = {
				ASSETCATALOG_COMPILER_APPICON_NAME = AppIcon;
				ASSETCATALOG_COMPILER_GLOBAL_ACCENT_COLOR_NAME = AccentColor;
				CODE_SIGN_STYLE = Automatic;
				INFOPLIST_FILE = SwiftAlgorithms/Info.plist;
				LD_RUNPATH_SEARCH_PATHS = (
					"$(inherited)",
					"@executable_path/Frameworks",
				);
				PRODUCT_BUNDLE_IDENTIFIER = shellygupta.com.SwiftAlgorithms;
				PRODUCT_NAME = "$(TARGET_NAME)";
				SWIFT_VERSION = 5.0;
				TARGETED_DEVICE_FAMILY = "1,2";
			};
			name = Release;
		};
/* End XCBuildConfiguration section */

/* Begin XCConfigurationList section */
		AB0397312769AF51006DCFD8 /* Build configuration list for PBXProject "SwiftAlgorithms" */ = {
			isa = XCConfigurationList;
			buildConfigurations = (
				AB0397482769AF52006DCFD8 /* Debug */,
				AB0397492769AF52006DCFD8 /* Release */,
			);
			defaultConfigurationIsVisible = 0;
			defaultConfigurationName = Release;
		};
		AB03974A2769AF52006DCFD8 /* Build configuration list for PBXNativeTarget "SwiftAlgorithms" */ = {
			isa = XCConfigurationList;
			buildConfigurations = (
				AB03974B2769AF52006DCFD8 /* Debug */,
				AB03974C2769AF52006DCFD8 /* Release */,
			);
			defaultConfigurationIsVisible = 0;
			defaultConfigurationName = Release;
		};
/* End XCConfigurationList section */
	};
	rootObject = AB03972E2769AF51006DCFD8 /* Project object */;
}
